
Microsoft Visual Studio Solution File, Format Version 12.00
# Visual Studio Version 16
VisualStudioVersion = 16.0.30611.23
MinimumVisualStudioVersion = 10.0.40219.1
Project("{FAE04EC0-301F-11D3-BF4B-00C04F79EFBC}") = "MicroService.User.API", "MicroService.User.API\MicroService.User.API.csproj", "{CAD5FD5B-B2F9-4F60-9BE5-780D28E35669}"
EndProject
Project("{FAE04EC0-301F-11D3-BF4B-00C04F79EFBC}") = "MicroService.Users.Order.APIs", "MicroService.Users.Order.APIs\MicroService.Users.Order.APIs.csproj", "{C313541D-52B4-479A-BDB0-6BB4E7DB97EC}"
EndProject
Project("{FAE04EC0-301F-11D3-BF4B-00C04F79EFBC}") = "MicroService.Users.Product.APIs", "MicroService.Users.Product.APIs\MicroService.Users.Product.APIs.csproj", "{1C77B9AA-E915-4923-BEB7-771678AE802A}"
EndProject
Project("{E53339B2-1760-4266-BCC7-CA923CBCF16C}") = "docker-compose", "docker-compose.dcproj", "{2B11BA98-C5B8-416D-9DA2-FD0943145EBB}"
EndProject
Project("{FAE04EC0-301F-11D3-BF4B-00C04F79EFBC}") = "MicroService.Users.Data", "MicroService.Users.Data\MicroService.Users.Data.csproj", "{41DA2E44-C556-49FD-B780-89F9B72610F3}"
EndProject
Global
	GlobalSection(SolutionConfigurationPlatforms) = preSolution
		Debug|Any CPU = Debug|Any CPU
		Release|Any CPU = Release|Any CPU
	EndGlobalSection
	GlobalSection(ProjectConfigurationPlatforms) = postSolution
		{CAD5FD5B-B2F9-4F60-9BE5-780D28E35669}.Debug|Any CPU.ActiveCfg = Debug|Any CPU
		{CAD5FD5B-B2F9-4F60-9BE5-780D28E35669}.Debug|Any CPU.Build.0 = Debug|Any CPU
		{CAD5FD5B-B2F9-4F60-9BE5-780D28E35669}.Release|Any CPU.ActiveCfg = Release|Any CPU
		{CAD5FD5B-B2F9-4F60-9BE5-780D28E35669}.Release|Any CPU.Build.0 = Release|Any CPU
		{C313541D-52B4-479A-BDB0-6BB4E7DB97EC}.Debug|Any CPU.ActiveCfg = Debug|Any CPU
		{C313541D-52B4-479A-BDB0-6BB4E7DB97EC}.Debug|Any CPU.Build.0 = Debug|Any CPU
		{C313541D-52B4-479A-BDB0-6BB4E7DB97EC}.Release|Any CPU.ActiveCfg = Release|Any CPU
		{C313541D-52B4-479A-BDB0-6BB4E7DB97EC}.Release|Any CPU.Build.0 = Release|Any CPU
		{1C77B9AA-E915-4923-BEB7-771678AE802A}.Debug|Any CPU.ActiveCfg = Debug|Any CPU
		{1C77B9AA-E915-4923-BEB7-771678AE802A}.Debug|Any CPU.Build.0 = Debug|Any CPU
		{1C77B9AA-E915-4923-BEB7-771678AE802A}.Release|Any CPU.ActiveCfg = Release|Any CPU
		{1C77B9AA-E915-4923-BEB7-771678AE802A}.Release|Any CPU.Build.0 = Release|Any CPU
		{2B11BA98-C5B8-416D-9DA2-FD0943145EBB}.Debug|Any CPU.ActiveCfg = Debug|Any CPU
		{2B11BA98-C5B8-416D-9DA2-FD0943145EBB}.Debug|Any CPU.Build.0 = Debug|Any CPU
		{2B11BA98-C5B8-416D-9DA2-FD0943145EBB}.Release|Any CPU.ActiveCfg = Release|Any CPU
		{2B11BA98-C5B8-416D-9DA2-FD0943145EBB}.Release|Any CPU.Build.0 = Release|Any CPU
		{41DA2E44-C556-49FD-B780-89F9B72610F3}.Debug|Any CPU.ActiveCfg = Debug|Any CPU
		{41DA2E44-C556-49FD-B780-89F9B72610F3}.Debug|Any CPU.Build.0 = Debug|Any CPU
		{41DA2E44-C556-49FD-B780-89F9B72610F3}.Release|Any CPU.ActiveCfg = Release|Any CPU
		{41DA2E44-C556-49FD-B780-89F9B72610F3}.Release|Any CPU.Build.0 = Release|Any CPU
	EndGlobalSection
	GlobalSection(SolutionProperties) = preSolution
		HideSolutionNode = FALSE
	EndGlobalSection
	GlobalSection(ExtensibilityGlobals) = postSolution
		SolutionGuid = {FF561292-3162-47FA-90CC-B524D83AFEA0}
	EndGlobalSection
EndGlobal
